{
  "name": "ivan-shirt-predictor",
  "version": "1.0.0",
  "lockfileVersion": 1,
  "requires": true,
  "dependencies": {
    "decision-tree": {
      "version": "0.3.7",
      "resolved": "https://registry.npmjs.org/decision-tree/-/decision-tree-0.3.7.tgz",
      "integrity": "sha512-owlopiCdbKk5fYaiVfCCom5me0W+gSuVio4D0A+2QA6DV2fGpzxAYE8XB8cS4g1F4Ht6rR8N5HKsjti8kytL+A==",
      "requires": {
        "lodash": "^4.17.21"
      }
    },
    "dtreejs": {
      "version": "0.0.1",
      "resolved": "https://registry.npmjs.org/dtreejs/-/dtreejs-0.0.1.tgz",
      "integrity": "sha512-cD9LDQl2AtBDxiACim2229foApIVhGHZVKFWRpve7ujyJ6Aj2lBeFIAZuCO0SYmUEjKCWKadM0tP+w9NyDGDxQ=="
    },
    "is-any-array": {
      "version": "2.0.1",
      "resolved": "https://registry.npmjs.org/is-any-array/-/is-any-array-2.0.1.tgz",
      "integrity": "sha512-UtilS7hLRu++wb/WBAw9bNuP1Eg04Ivn1vERJck8zJthEvXCBEBpGR/33u/xLKWEQf95803oalHrVDptcAvFdQ=="
    },
    "lodash": {
      "version": "4.17.21",
      "resolved": "https://registry.npmjs.org/lodash/-/lodash-4.17.21.tgz",
      "integrity": "sha512-v2kDEe57lecTulaDIuNTPy3Ry4gLGJ6Z1O3vE1krgXZNrsQ+LFTGHVxVjcXPs17LhbZVGedAJv8XZ1tvj5FvSg=="
    },
    "ml-array-max": {
      "version": "1.2.4",
      "resolved": "https://registry.npmjs.org/ml-array-max/-/ml-array-max-1.2.4.tgz",
      "integrity": "sha512-BlEeg80jI0tW6WaPyGxf5Sa4sqvcyY6lbSn5Vcv44lp1I2GR6AWojfUvLnGTNsIXrZ8uqWmo8VcG1WpkI2ONMQ==",
      "requires": {
        "is-any-array": "^2.0.0"
      }
    },
    "ml-array-mean": {
      "version": "1.1.6",
      "resolved": "https://registry.npmjs.org/ml-array-mean/-/ml-array-mean-1.1.6.tgz",
      "integrity": "sha512-MIdf7Zc8HznwIisyiJGRH9tRigg3Yf4FldW8DxKxpCCv/g5CafTw0RRu51nojVEOXuCQC7DRVVu5c7XXO/5joQ==",
      "requires": {
        "ml-array-sum": "^1.1.6"
      }
    },
    "ml-array-min": {
      "version": "1.2.3",
      "resolved": "https://registry.npmjs.org/ml-array-min/-/ml-array-min-1.2.3.tgz",
      "integrity": "sha512-VcZ5f3VZ1iihtrGvgfh/q0XlMobG6GQ8FsNyQXD3T+IlstDv85g8kfV0xUG1QPRO/t21aukaJowDzMTc7j5V6Q==",
      "requires": {
        "is-any-array": "^2.0.0"
      }
    },
    "ml-array-rescale": {
      "version": "1.3.7",
      "resolved": "https://registry.npmjs.org/ml-array-rescale/-/ml-array-rescale-1.3.7.tgz",
      "integrity": "sha512-48NGChTouvEo9KBctDfHC3udWnQKNKEWN0ziELvY3KG25GR5cA8K8wNVzracsqSW1QEkAXjTNx+ycgAv06/1mQ==",
      "requires": {
        "is-any-array": "^2.0.0",
        "ml-array-max": "^1.2.4",
        "ml-array-min": "^1.2.3"
      }
    },
    "ml-array-sum": {
      "version": "1.1.6",
      "resolved": "https://registry.npmjs.org/ml-array-sum/-/ml-array-sum-1.1.6.tgz",
      "integrity": "sha512-29mAh2GwH7ZmiRnup4UyibQZB9+ZLyMShvt4cH4eTK+cL2oEMIZFnSyB3SS8MlsTh6q/w/yh48KmqLxmovN4Dw==",
      "requires": {
        "is-any-array": "^2.0.0"
      }
    },
    "ml-cart": {
      "version": "2.1.1",
      "resolved": "https://registry.npmjs.org/ml-cart/-/ml-cart-2.1.1.tgz",
      "integrity": "sha512-f6rIj4EzbjqKLJa2Qmm5AjZ0WVgk+Y7J1N/+pQVaFr0d4oM1uZPLOh5h665LyH+bLBHTFEbvSR4OLKmJRQ8KfA==",
      "requires": {
        "ml-array-mean": "^1.1.5",
        "ml-matrix": "^6.8.2"
      }
    },
    "ml-matrix": {
      "version": "6.10.4",
      "resolved": "https://registry.npmjs.org/ml-matrix/-/ml-matrix-6.10.4.tgz",
      "integrity": "sha512-rUyEhfNPzqFsltYwvjNeYQXlYEaVea3KgzcJKJteQUj2WVAGFx9fLNRjtMR9mg2B6bd5buxlmkZmxM4hmO+SKg==",
      "requires": {
        "is-any-array": "^2.0.0",
        "ml-array-rescale": "^1.3.7"
      }
    }
  }
}
